version = 1
revision = 2
requires-python = ">=3.10"

[[package]]
name = "2026-03-03-pii-redaction-and-sensitive-data-scrubbing"
version = "0.1.0"
source = { virtual = "." }
dependencies = [
    { name = "baml-py" },
]

[package.metadata]
requires-dist = [{ name = "baml-py", specifier = ">=0.219.0" }]

[[package]]
name = "baml-py"
version = "0.219.0"
source = { registry = "https://pypi.org/simple" }
wheels = [
    { url = "https://files.pythonhosted.org/packages/62/eb/570b5f97496ef513f08214085796bf68e1499035cd39523cdb92a43731f3/baml_py-0.219.0-cp38-abi3-macosx_10_12_x86_64.whl", hash = "sha256:db10e488436465774b2503386d220a559df8dcbe4e8f832cc10d42fccb4fd747", size = 21581187, upload-time = "2026-02-12T22:30:05.542Z" },
    { url = "https://files.pythonhosted.org/packages/01/cf/992dbbab9cfc0423fc742426330529940c524f6e11e97e5355d9a86ccdd8/baml_py-0.219.0-cp38-abi3-macosx_11_0_arm64.whl", hash = "sha256:e6b5b4fa38c4cef2a0f69afce5f2feb8cfa6075fbe529ef849ce71573a47e22d", size = 20394449, upload-time = "2026-02-12T22:30:08.382Z" },
    { url = "https://files.pythonhosted.org/packages/9e/c5/739fae4d513f05e8d65f9b11d2e1533f25d8ef9493fba55d578b993968b0/baml_py-0.219.0-cp38-abi3-manylinux_2_17_x86_64.manylinux2014_x86_64.whl", hash = "sha256:9cecd2f4491c3df698be14cdcacda17e15358667358725dd14e2722669b21df3", size = 24120733, upload-time = "2026-02-12T22:30:10.541Z" },
    { url = "https://files.pythonhosted.org/packages/db/d9/9a3b13fb674de657e8bbd95d057112d83676b2d2fa3add33abd2e0736378/baml_py-0.219.0-cp38-abi3-manylinux_2_24_aarch64.whl", hash = "sha256:7defb27b9fb479c72a4fd550561f74d1bd155ac6f949ab75a6755030076a54ff", size = 23502079, upload-time = "2026-02-12T22:30:13.683Z" },
    { url = "https://files.pythonhosted.org/packages/2b/ee/378d495775100f324f7591293c54e2f1045bfd4fbe1835fcdf784cfc2fee/baml_py-0.219.0-cp38-abi3-musllinux_1_1_aarch64.whl", hash = "sha256:b5a7ff103c46cd7a8d34c0c9d612d3dc0716c9fbec68161d7d51a85b0e8e5189", size = 23895539, upload-time = "2026-02-12T22:30:17.144Z" },
    { url = "https://files.pythonhosted.org/packages/ec/e8/716b9aef15f2362c979123bc09649ea5325dd48525b78708f1a71ac53c6f/baml_py-0.219.0-cp38-abi3-musllinux_1_1_x86_64.whl", hash = "sha256:8c7de9c7248117687407007efdd4891b331ae187d2f7794e56072b219216daf1", size = 24349171, upload-time = "2026-02-12T22:30:20.028Z" },
    { url = "https://files.pythonhosted.org/packages/c2/b3/62cb4d31316e7a90e41ad28d4ff17d5dba0c8abb2707d3ce94df0ee26418/baml_py-0.219.0-cp38-abi3-win_amd64.whl", hash = "sha256:019b70c88097825918b9f2a2f80266f0cefc768ea9dcf6cd0740f48bfe471b72", size = 21765159, upload-time = "2026-02-12T22:30:24.252Z" },
    { url = "https://files.pythonhosted.org/packages/7c/b5/805f206d3ceba1b9382aad76a1e083612bef669f1a15c57e806872b657ff/baml_py-0.219.0-cp38-abi3-win_arm64.whl", hash = "sha256:7965609753ba11dbc12b7c3853ba81ee4d90eef19b629165c837472f5f334f4f", size = 20216236, upload-time = "2026-02-12T22:30:27.002Z" },
]
